
Microsoft Visual Studio Solution File, Format Version 12.00
# Visual Studio Version 17
VisualStudioVersion = 17.10.35013.160
MinimumVisualStudioVersion = 10.0.40219.1
Project("{FAE04EC0-301F-11D3-BF4B-00C04F79EFBC}") = "gtoog", "gtoog\gtoog.csproj", "{9F31CF94-86F7-44CE-8605-1E4FD20D5BDF}"
EndProject
Global
	GlobalSection(SolutionConfigurationPlatforms) = preSolution
		Debug|Any CPU = Debug|Any CPU
		Release|Any CPU = Release|Any CPU
	EndGlobalSection
	GlobalSection(ProjectConfigurationPlatforms) = postSolution
		{9F31CF94-86F7-44CE-8605-1E4FD20D5BDF}.Debug|Any CPU.ActiveCfg = Debug|Any CPU
		{9F31CF94-86F7-44CE-8605-1E4FD20D5BDF}.Debug|Any CPU.Build.0 = Debug|Any CPU
		{9F31CF94-86F7-44CE-8605-1E4FD20D5BDF}.Release|Any CPU.ActiveCfg = Release|Any CPU
		{9F31CF94-86F7-44CE-8605-1E4FD20D5BDF}.Release|Any CPU.Build.0 = Release|Any CPU
	EndGlobalSection
	GlobalSection(SolutionProperties) = preSolution
		HideSolutionNode = FALSE
	EndGlobalSection
	GlobalSection(ExtensibilityGlobals) = postSolution
		SolutionGuid = {51DF3A2B-5379-4A53-B59E-9B80B86A706A}
	EndGlobalSection
EndGlobal
